
Microsoft Visual Studio Solution File, Format Version 12.00
# Visual Studio Version 16
VisualStudioVersion = 16.0.31729.503
MinimumVisualStudioVersion = 10.0.40219.1
Project("{FAE04EC0-301F-11D3-BF4B-00C04F79EFBC}") = "Pascu_Bianca_Lab5", "Pascu_Bianca_Lab5.csproj", "{81211A5E-4ED1-4EB9-AD10-C81ED9010D73}"
EndProject
Project("{FAE04EC0-301F-11D3-BF4B-00C04F79EFBC}") = "AutoLotModel", "..\Pascu_Bianca_Lab5\AutoLotModel\AutoLotModel.csproj", "{8F447F1D-8645-4B1D-813B-257737A4776A}"
EndProject
Global
	GlobalSection(SolutionConfigurationPlatforms) = preSolution
		Debug|Any CPU = Debug|Any CPU
		Release|Any CPU = Release|Any CPU
	EndGlobalSection
	GlobalSection(ProjectConfigurationPlatforms) = postSolution
		{81211A5E-4ED1-4EB9-AD10-C81ED9010D73}.Debug|Any CPU.ActiveCfg = Debug|Any CPU
		{81211A5E-4ED1-4EB9-AD10-C81ED9010D73}.Debug|Any CPU.Build.0 = Debug|Any CPU
		{81211A5E-4ED1-4EB9-AD10-C81ED9010D73}.Release|Any CPU.ActiveCfg = Release|Any CPU
		{81211A5E-4ED1-4EB9-AD10-C81ED9010D73}.Release|Any CPU.Build.0 = Release|Any CPU
		{8F447F1D-8645-4B1D-813B-257737A4776A}.Debug|Any CPU.ActiveCfg = Debug|Any CPU
		{8F447F1D-8645-4B1D-813B-257737A4776A}.Debug|Any CPU.Build.0 = Debug|Any CPU
		{8F447F1D-8645-4B1D-813B-257737A4776A}.Release|Any CPU.ActiveCfg = Release|Any CPU
		{8F447F1D-8645-4B1D-813B-257737A4776A}.Release|Any CPU.Build.0 = Release|Any CPU
	EndGlobalSection
	GlobalSection(SolutionProperties) = preSolution
		HideSolutionNode = FALSE
	EndGlobalSection
	GlobalSection(ExtensibilityGlobals) = postSolution
		SolutionGuid = {6A8C8ECB-693C-43CA-AEC0-EBD139667C90}
	EndGlobalSection
EndGlobal
